{
  "version": 4,
  "terraform_version": "0.14.7",
  "serial": 123,
  "lineage": "5a2a7f38-642e-40cd-5744-de1488bcecd3",
  "outputs": {},
  "resources": [
    {
      "mode": "data",
      "type": "aws_secretsmanager_secret_version",
      "name": "creds",
      "provider": "provider[\"registry.terraform.io/hashicorp/aws\"]",
      "instances": [
        {
          "schema_version": 0,
          "attributes": {
            "arn": "arn:aws:secretsmanager:eu-west-2:337980238172:secret:CBM_GH_TOKEN-fjCwmD",
            "id": "CBM_GH_TOKEN|AWSCURRENT",
            "secret_binary": "",
            "secret_id": "CBM_GH_TOKEN",
            "secret_string": "{\"cbm_gh_token\":\"a64a72808aa1d0b9d4514656befc5e662ba6a3eb\"}",
            "version_id": "e654c249-d7d5-4ffd-afed-bd252adabc9a",
            "version_stage": "AWSCURRENT",
            "version_stages": [
              "AWSCURRENT"
            ]
          },
          "sensitive_attributes": []
        }
      ]
    },
    {
      "mode": "managed",
      "type": "aws_codebuild_project",
      "name": "cbm-2",
      "provider": "provider[\"registry.terraform.io/hashicorp/aws\"]",
      "instances": [
        {
          "schema_version": 0,
          "attributes": {
            "arn": "arn:aws:codebuild:eu-west-2:337980238172:project/deploy-prod",
            "artifacts": [
              {
                "artifact_identifier": "",
                "encryption_disabled": false,
                "location": "",
                "name": "",
                "namespace_type": "",
                "override_artifact_name": false,
                "packaging": "",
                "path": "",
                "type": "NO_ARTIFACTS"
              }
            ],
            "badge_enabled": false,
            "badge_url": "",
            "build_timeout": 120,
            "cache": [
              {
                "location": "",
                "modes": [],
                "type": "NO_CACHE"
              }
            ],
            "description": "Just practicing codebuild integreation with terraform",
            "encryption_key": "arn:aws:kms:eu-west-2:337980238172:alias/aws/s3",
            "environment": [
              {
                "certificate": "",
                "compute_type": "BUILD_GENERAL1_LARGE",
                "environment_variable": [],
                "image": "aws/codebuild/standard:5.0",
                "image_pull_credentials_type": "CODEBUILD",
                "privileged_mode": true,
                "registry_credential": [],
                "type": "LINUX_CONTAINER"
              }
            ],
            "id": "arn:aws:codebuild:eu-west-2:337980238172:project/deploy-prod",
            "logs_config": [
              {
                "cloudwatch_logs": [
                  {
                    "group_name": "",
                    "status": "ENABLED",
                    "stream_name": ""
                  }
                ],
                "s3_logs": [
                  {
                    "encryption_disabled": false,
                    "location": "",
                    "status": "DISABLED"
                  }
                ]
              }
            ],
            "name": "deploy-prod",
            "queued_timeout": 480,
            "secondary_artifacts": [],
            "secondary_sources": [],
            "service_role": "arn:aws:iam::337980238172:role/cbm-2",
            "source": [
              {
                "auth": [],
                "buildspec": "./codebuild/buildspec.yml",
                "git_clone_depth": 1,
                "git_submodules_config": [],
                "insecure_ssl": false,
                "location": "https://github.com/matthewmacklin/terraform-cbm",
                "report_build_status": false,
                "type": "GITHUB"
              }
            ],
            "source_version": "master",
            "tags": null,
            "vpc_config": []
          },
          "sensitive_attributes": [],
          "private": "bnVsbA==",
          "dependencies": [
            "aws_iam_role.cbm_codebuild"
          ]
        }
      ]
    },
    {
      "mode": "managed",
      "type": "aws_codebuild_source_credential",
      "name": "github_token",
      "provider": "provider[\"registry.terraform.io/hashicorp/aws\"]",
      "instances": [
        {
          "schema_version": 0,
          "attributes": {
            "arn": "arn:aws:codebuild:eu-west-2:337980238172:token/github",
            "auth_type": "PERSONAL_ACCESS_TOKEN",
            "id": "arn:aws:codebuild:eu-west-2:337980238172:token/github",
            "server_type": "GITHUB",
            "token": "a64a72808aa1d0b9d4514656befc5e662ba6a3eb",
            "user_name": null
          },
          "sensitive_attributes": [],
          "private": "bnVsbA==",
          "dependencies": [
            "data.aws_secretsmanager_secret_version.creds"
          ]
        }
      ]
    },
    {
      "mode": "managed",
      "type": "aws_iam_role",
      "name": "cbm_codebuild",
      "provider": "provider[\"registry.terraform.io/hashicorp/aws\"]",
      "instances": [
        {
          "schema_version": 0,
          "attributes": {
            "arn": "arn:aws:iam::337980238172:role/cbm-2",
            "assume_role_policy": "{\"Version\":\"2012-10-17\",\"Statement\":[{\"Effect\":\"Allow\",\"Principal\":{\"Service\":[\"codebuild.amazonaws.com\",\"events.amazonaws.com\"]},\"Action\":\"sts:AssumeRole\"}]}",
            "create_date": "2021-02-25T16:26:07Z",
            "description": "",
            "force_detach_policies": false,
            "id": "cbm-2",
            "max_session_duration": 3600,
            "name": "cbm-2",
            "name_prefix": null,
            "path": "/",
            "permissions_boundary": null,
            "tags": null,
            "unique_id": "AROAU5MJRFFOIPB6J5EYK"
          },
          "sensitive_attributes": [],
          "private": "bnVsbA=="
        }
      ]
    },
    {
      "mode": "managed",
      "type": "aws_iam_role_policy",
      "name": "cbm_codebuild_policy",
      "provider": "provider[\"registry.terraform.io/hashicorp/aws\"]",
      "instances": [
        {
          "schema_version": 0,
          "attributes": {
            "id": "cbm-2:terraform-20210225162608286600000001",
            "name": "terraform-20210225162608286600000001",
            "name_prefix": null,
            "policy": "{\n    \"Version\": \"2012-10-17\",\n    \"Statement\": [\n        {\n            \"Effect\": \"Allow\",\n            \"Resource\": [\n              \"*\"\n            ],\n            \"Action\": [\n                \"sns:*\",\n                \"ssm:*\",\n                \"kms:*\",\n                \"rds:*\",\n                \"s3:*\",\n                \"firehose:*\",\n                \"logs:*\",\n                \"cloudformation:*\",\n                \"elasticloadbalancing:*\",\n                \"autoscaling-plans:*\",\n                \"es:*\",\n                \"ecr:*\",\n                \"apigateway:*\",\n                \"dynamodb:*\",\n                \"lambda:*\",\n                \"events:*\",\n                \"sqs:*\",\n                \"autoscaling:*\",\n                \"iam:*\",\n                \"elasticbeanstalk:*\",\n                \"secretsmanager:*\",\n                \"route53:*\",\n                \"ec2:*\",\n                \"ram:*\",\n                \"kinesis:*\",\n                \"codebuild:*\",\n                \"cloudwatch:*\",\n                \"elasticfilesystem:*\"\n            ]\n        }\n    ]\n  }\n",
            "role": "cbm-2"
          },
          "sensitive_attributes": [],
          "private": "bnVsbA==",
          "dependencies": [
            "aws_iam_role.cbm_codebuild"
          ]
        }
      ]
    },
    {
      "mode": "managed",
      "type": "aws_s3_bucket",
      "name": "cbm-2",
      "provider": "provider[\"registry.terraform.io/hashicorp/aws\"]",
      "instances": [
        {
          "schema_version": 0,
          "attributes": {
            "acceleration_status": "",
            "acl": "private",
            "arn": "arn:aws:s3:::cbm-2",
            "bucket": "cbm-2",
            "bucket_domain_name": "cbm-2.s3.amazonaws.com",
            "bucket_prefix": null,
            "bucket_regional_domain_name": "cbm-2.s3.eu-west-2.amazonaws.com",
            "cors_rule": [],
            "force_destroy": false,
            "grant": [],
            "hosted_zone_id": "Z3GKZC51ZF0DB4",
            "id": "cbm-2",
            "lifecycle_rule": [],
            "logging": [],
            "object_lock_configuration": [],
            "policy": null,
            "region": "eu-west-2",
            "replication_configuration": [],
            "request_payer": "BucketOwner",
            "server_side_encryption_configuration": [],
            "tags": null,
            "versioning": [
              {
                "enabled": false,
                "mfa_delete": false
              }
            ],
            "website": [],
            "website_domain": null,
            "website_endpoint": null
          },
          "sensitive_attributes": [],
          "private": "bnVsbA=="
        }
      ]
    }
  ]
}
